# THIS IS AN AUTOGENERATED FILE. DO NOT EDIT THIS FILE DIRECTLY.
# yarn lockfile v1


"@vant/weapp@^1.6.1":
  version "1.6.1"
  resolved "https://registry.yarnpkg.com/@vant/weapp/-/weapp-1.6.1.tgz#01c6f395c0a67f56b8caae36a551d268b1fe0605"
  integrity sha512-HkQHodqmSPB0bTILo5DnM/avkpeSBfQHo42kN4HJa504SCNIc2DoF0VrAl/CaZB+2DMrElnEnM+//vf5rENtNQ==
